<?xml version="1.0" encoding="utf-8"?>
<Project ToolsVersion="4.0" xmlns="http://schemas.microsoft.com/developer/msbuild/2003">
  <ItemGroup>
    <Filter Include="Source Files">
      <UniqueIdentifier>{4FC737F1-C7A5-4376-A066-2A32D752A2FF}</UniqueIdentifier>
      <Extensions>cpp;c;cc;cxx;c++;cppm;ixx;def;odl;idl;hpj;bat;asm;asmx</Extensions>
    </Filter>
    <Filter Include="Header Files">
      <UniqueIdentifier>{93995380-89BD-4b04-88EB-625FBE52EBFB}</UniqueIdentifier>
      <Extensions>h;hh;hpp;hxx;h++;hm;inl;inc;ipp;xsd</Extensions>
    </Filter>
    <Filter Include="Resource Files">
      <UniqueIdentifier>{67DA6AB6-F800-4c08-8B7A-83BB121AAD01}</UniqueIdentifier>
      <Extensions>rc;ico;cur;bmp;dlg;rc2;rct;bin;rgs;gif;jpg;jpeg;jpe;resx;tiff;tif;png;wav;mfcribbon-ms</Extensions>
    </Filter>
    <Filter Include="Source Files\LTIME87B">
      <UniqueIdentifier>{f85c52c4-e4a2-42b6-9f0e-c8a20d188724}</UniqueIdentifier>
    </Filter>
    <Filter Include="Source Files\SEPT20B">
      <UniqueIdentifier>{dbc58563-2ab4-4c60-b5d1-3dfbff090b5f}</UniqueIdentifier>
    </Filter>
  </ItemGroup>
  <ItemGroup>
    <ClCompile Include="LTIME87B\MODEFREQ.cpp">
      <Filter>Source Files\LTIME87B</Filter>
    </ClCompile>
    <ClCompile Include="SEPT20B\TREE2.cpp">
      <Filter>Source Files\SEPT20B</Filter>
    </ClCompile>
    <ClCompile Include="SEPT20B\ADAMAT.cpp">
      <Filter>Source Files\SEPT20B</Filter>
    </ClCompile>
    <ClCompile Include="SEPT20B\CHFNSWAP.cpp">
      <Filter>Source Files\SEPT20B</Filter>
    </ClCompile>
  </ItemGroup>
</Project>