<?xml version="1.0" encoding="utf-8"?>
<Project ToolsVersion="4.0" xmlns="http://schemas.microsoft.com/developer/msbuild/2003">
  <ItemGroup>
    <Filter Include="Source Files">
      <UniqueIdentifier>{4FC737F1-C7A5-4376-A066-2A32D752A2FF}</UniqueIdentifier>
      <Extensions>cpp;c;cc;cxx;c++;cppm;ixx;def;odl;idl;hpj;bat;asm;asmx</Extensions>
    </Filter>
    <Filter Include="Header Files">
      <UniqueIdentifier>{93995380-89BD-4b04-88EB-625FBE52EBFB}</UniqueIdentifier>
      <Extensions>h;hh;hpp;hxx;h++;hm;inl;inc;ipp;xsd</Extensions>
    </Filter>
    <Filter Include="Resource Files">
      <UniqueIdentifier>{67DA6AB6-F800-4c08-8B7A-83BB121AAD01}</UniqueIdentifier>
      <Extensions>rc;ico;cur;bmp;dlg;rc2;rct;bin;rgs;gif;jpg;jpeg;jpe;resx;tiff;tif;png;wav;mfcribbon-ms</Extensions>
    </Filter>
    <Filter Include="Source Files\SRM">
      <UniqueIdentifier>{04d9fa3a-4c01-45f0-959e-ab5ff237bd58}</UniqueIdentifier>
    </Filter>
    <Filter Include="Source Files\SRM\1_144">
      <UniqueIdentifier>{b29cc46f-cbf2-46fc-b369-3550e25732f1}</UniqueIdentifier>
    </Filter>
    <Filter Include="Source Files\SRM\1_144\div2">
      <UniqueIdentifier>{953020a6-cc38-4ed0-adc4-517a9b7b40ce}</UniqueIdentifier>
    </Filter>
  </ItemGroup>
  <ItemGroup>
    <ClCompile Include="SRM\1_144\div2\200.cpp">
      <Filter>Source Files\SRM\1_144\div2</Filter>
    </ClCompile>
    <ClCompile Include="SRM\1_144\div2\550.cpp">
      <Filter>Source Files\SRM\1_144\div2</Filter>
    </ClCompile>
  </ItemGroup>
</Project>